
Microsoft Visual Studio Solution File, Format Version 12.00
# Visual Studio 15
VisualStudioVersion = 15.0.28307.168
MinimumVisualStudioVersion = 10.0.40219.1
Project("{FAE04EC0-301F-11D3-BF4B-00C04F79EFBC}") = "SaviAccess", "SaviAccess\SaviAccess.csproj", "{8F3AC4EF-195C-4138-AEB2-4D4153C4CEF5}"
EndProject
Global
	GlobalSection(SolutionConfigurationPlatforms) = preSolution
		Debug|Any CPU = Debug|Any CPU
		Release|Any CPU = Release|Any CPU
	EndGlobalSection
	GlobalSection(ProjectConfigurationPlatforms) = postSolution
		{8F3AC4EF-195C-4138-AEB2-4D4153C4CEF5}.Debug|Any CPU.ActiveCfg = Debug|Any CPU
		{8F3AC4EF-195C-4138-AEB2-4D4153C4CEF5}.Debug|Any CPU.Build.0 = Debug|Any CPU
		{8F3AC4EF-195C-4138-AEB2-4D4153C4CEF5}.Release|Any CPU.ActiveCfg = Release|Any CPU
		{8F3AC4EF-195C-4138-AEB2-4D4153C4CEF5}.Release|Any CPU.Build.0 = Release|Any CPU
	EndGlobalSection
	GlobalSection(SolutionProperties) = preSolution
		HideSolutionNode = FALSE
	EndGlobalSection
	GlobalSection(ExtensibilityGlobals) = postSolution
		SolutionGuid = {81585D60-6130-46A6-891C-2B0E81E396E9}
	EndGlobalSection
EndGlobal
